// !$*UTF8*$!
{
	archiveVersion = 1;
	classes = {
	};
	objectVersion = 46;
	objects = {

/* Begin PBXBuildFile section */
		6A1CEA9E1C133CEC00559BBC /* EddardGateway.swift in Sources */ = {isa = PBXBuildFile; fileRef = 6A1CEA9D1C133CEC00559BBC /* EddardGateway.swift */; };
		6A1CEAA01C13987100559BBC /* SwiftyJSON.swift in Sources */ = {isa = PBXBuildFile; fileRef = 6A1CEA9F1C13987100559BBC /* SwiftyJSON.swift */; };
		6A4A9A881BFE22250078BFC3 /* AppDelegate.swift in Sources */ = {isa = PBXBuildFile; fileRef = 6A4A9A871BFE22250078BFC3 /* AppDelegate.swift */; };
		6A4A9A8D1BFE22250078BFC3 /* Main.storyboard in Resources */ = {isa = PBXBuildFile; fileRef = 6A4A9A8B1BFE22250078BFC3 /* Main.storyboard */; };
		6A4A9A901BFE22250078BFC3 /* Jonsnow.xcdatamodeld in Sources */ = {isa = PBXBuildFile; fileRef = 6A4A9A8E1BFE22250078BFC3 /* Jonsnow.xcdatamodeld */; };
		6A4A9A921BFE22250078BFC3 /* Assets.xcassets in Resources */ = {isa = PBXBuildFile; fileRef = 6A4A9A911BFE22250078BFC3 /* Assets.xcassets */; };
		6A4A9A951BFE22250078BFC3 /* LaunchScreen.storyboard in Resources */ = {isa = PBXBuildFile; fileRef = 6A4A9A931BFE22250078BFC3 /* LaunchScreen.storyboard */; };
		6A5E99891C1EFC700084E4B9 /* chat.png in Resources */ = {isa = PBXBuildFile; fileRef = 6A5E99851C1EFC700084E4B9 /* chat.png */; };
		6A5E998A1C1EFC700084E4B9 /* chat@2x.png in Resources */ = {isa = PBXBuildFile; fileRef = 6A5E99861C1EFC700084E4B9 /* chat@2x.png */; };
		6A5E998B1C1EFC700084E4B9 /* contacts.png in Resources */ = {isa = PBXBuildFile; fileRef = 6A5E99871C1EFC700084E4B9 /* contacts.png */; };
		6A5E998C1C1EFC700084E4B9 /* contacts@2x.png in Resources */ = {isa = PBXBuildFile; fileRef = 6A5E99881C1EFC700084E4B9 /* contacts@2x.png */; };
		6A5E99931C1F108E0084E4B9 /* Logger.swift in Sources */ = {isa = PBXBuildFile; fileRef = 6A5E99921C1F108E0084E4B9 /* Logger.swift */; };
		6AA563E71C2014D300730551 /* User.swift in Sources */ = {isa = PBXBuildFile; fileRef = 6AA563E61C2014D300730551 /* User.swift */; };
		6AA563E91C20154500730551 /* Room.swift in Sources */ = {isa = PBXBuildFile; fileRef = 6AA563E81C20154500730551 /* Room.swift */; };
		6AB948AE1C13F0E7008F12C1 /* EddardGatewayTests.swift in Sources */ = {isa = PBXBuildFile; fileRef = 6AB948AD1C13F0E7008F12C1 /* EddardGatewayTests.swift */; };
		6AC5C8831C2046EE00B1DB17 /* ChattingTableViewController.swift in Sources */ = {isa = PBXBuildFile; fileRef = 6AC5C8811C2046EE00B1DB17 /* ChattingTableViewController.swift */; };
		6AC5C8841C2046EE00B1DB17 /* FriendTableViewController.swift in Sources */ = {isa = PBXBuildFile; fileRef = 6AC5C8821C2046EE00B1DB17 /* FriendTableViewController.swift */; };
		6AC5C8861C20472100B1DB17 /* RootViewController.swift in Sources */ = {isa = PBXBuildFile; fileRef = 6AC5C8851C20472100B1DB17 /* RootViewController.swift */; };
		F4648C2E8B262E0872CDEF9F /* Pods.framework in Frameworks */ = {isa = PBXBuildFile; fileRef = 1609503A5CDBCE3BC2966192 /* Pods.framework */; };
/* End PBXBuildFile section */

/* Begin PBXContainerItemProxy section */
		6A4A9A9C1BFE22250078BFC3 /* PBXContainerItemProxy */ = {
			isa = PBXContainerItemProxy;
			containerPortal = 6A4A9A7C1BFE22250078BFC3 /* Project object */;
			proxyType = 1;
			remoteGlobalIDString = 6A4A9A831BFE22250078BFC3;
			remoteInfo = Jonsnow;
		};
/* End PBXContainerItemProxy section */

/* Begin PBXFileReference section */
		1609503A5CDBCE3BC2966192 /* Pods.framework */ = {isa = PBXFileReference; explicitFileType = wrapper.framework; includeInIndex = 0; path = Pods.framework; sourceTree = BUILT_PRODUCTS_DIR; };
		3273563DF2821529F80E2DA6 /* Pods.release.xcconfig */ = {isa = PBXFileReference; includeInIndex = 1; lastKnownFileType = text.xcconfig; name = Pods.release.xcconfig; path = "Pods/Target Support Files/Pods/Pods.release.xcconfig"; sourceTree = "<group>"; };
		6A1CEA9D1C133CEC00559BBC /* EddardGateway.swift */ = {isa = PBXFileReference; fileEncoding = 4; lastKnownFileType = sourcecode.swift; path = EddardGateway.swift; sourceTree = "<group>"; };
		6A1CEA9F1C13987100559BBC /* SwiftyJSON.swift */ = {isa = PBXFileReference; fileEncoding = 4; lastKnownFileType = sourcecode.swift; path = SwiftyJSON.swift; sourceTree = "<group>"; };
		6A4A9A841BFE22250078BFC3 /* Jonsnow.app */ = {isa = PBXFileReference; explicitFileType = wrapper.application; includeInIndex = 0; path = Jonsnow.app; sourceTree = BUILT_PRODUCTS_DIR; };
		6A4A9A871BFE22250078BFC3 /* AppDelegate.swift */ = {isa = PBXFileReference; lastKnownFileType = sourcecode.swift; path = AppDelegate.swift; sourceTree = "<group>"; };
		6A4A9A8C1BFE22250078BFC3 /* Base */ = {isa = PBXFileReference; lastKnownFileType = file.storyboard; name = Base; path = Base.lproj/Main.storyboard; sourceTree = "<group>"; };
		6A4A9A8F1BFE22250078BFC3 /* Jonsnow.xcdatamodel */ = {isa = PBXFileReference; lastKnownFileType = wrapper.xcdatamodel; path = Jonsnow.xcdatamodel; sourceTree = "<group>"; };
		6A4A9A911BFE22250078BFC3 /* Assets.xcassets */ = {isa = PBXFileReference; lastKnownFileType = folder.assetcatalog; path = Assets.xcassets; sourceTree = "<group>"; };
		6A4A9A941BFE22250078BFC3 /* Base */ = {isa = PBXFileReference; lastKnownFileType = file.storyboard; name = Base; path = Base.lproj/LaunchScreen.storyboard; sourceTree = "<group>"; };
		6A4A9A961BFE22250078BFC3 /* Info.plist */ = {isa = PBXFileReference; lastKnownFileType = text.plist.xml; path = Info.plist; sourceTree = "<group>"; };
		6A4A9A9B1BFE22250078BFC3 /* JonsnowTests.xctest */ = {isa = PBXFileReference; explicitFileType = wrapper.cfbundle; includeInIndex = 0; path = JonsnowTests.xctest; sourceTree = BUILT_PRODUCTS_DIR; };
		6A4A9AA11BFE22250078BFC3 /* Info.plist */ = {isa = PBXFileReference; lastKnownFileType = text.plist.xml; path = Info.plist; sourceTree = "<group>"; };
		6A5E99851C1EFC700084E4B9 /* chat.png */ = {isa = PBXFileReference; lastKnownFileType = image.png; path = chat.png; sourceTree = "<group>"; };
		6A5E99861C1EFC700084E4B9 /* chat@2x.png */ = {isa = PBXFileReference; lastKnownFileType = image.png; path = "chat@2x.png"; sourceTree = "<group>"; };
		6A5E99871C1EFC700084E4B9 /* contacts.png */ = {isa = PBXFileReference; lastKnownFileType = image.png; path = contacts.png; sourceTree = "<group>"; };
		6A5E99881C1EFC700084E4B9 /* contacts@2x.png */ = {isa = PBXFileReference; lastKnownFileType = image.png; path = "contacts@2x.png"; sourceTree = "<group>"; };
		6A5E998F1C1F09770084E4B9 /* Jonsnow-Bridging-Header.h */ = {isa = PBXFileReference; lastKnownFileType = sourcecode.c.h; path = "Jonsnow-Bridging-Header.h"; sourceTree = "<group>"; };
		6A5E99921C1F108E0084E4B9 /* Logger.swift */ = {isa = PBXFileReference; fileEncoding = 4; lastKnownFileType = sourcecode.swift; path = Logger.swift; sourceTree = "<group>"; };
		6AA563E61C2014D300730551 /* User.swift */ = {isa = PBXFileReference; fileEncoding = 4; lastKnownFileType = sourcecode.swift; path = User.swift; sourceTree = "<group>"; };
		6AA563E81C20154500730551 /* Room.swift */ = {isa = PBXFileReference; fileEncoding = 4; lastKnownFileType = sourcecode.swift; path = Room.swift; sourceTree = "<group>"; };
		6AB948AD1C13F0E7008F12C1 /* EddardGatewayTests.swift */ = {isa = PBXFileReference; fileEncoding = 4; lastKnownFileType = sourcecode.swift; path = EddardGatewayTests.swift; sourceTree = "<group>"; };
		6AC5C8811C2046EE00B1DB17 /* ChattingTableViewController.swift */ = {isa = PBXFileReference; fileEncoding = 4; lastKnownFileType = sourcecode.swift; path = ChattingTableViewController.swift; sourceTree = "<group>"; };
		6AC5C8821C2046EE00B1DB17 /* FriendTableViewController.swift */ = {isa = PBXFileReference; fileEncoding = 4; lastKnownFileType = sourcecode.swift; path = FriendTableViewController.swift; sourceTree = "<group>"; };
		6AC5C8851C20472100B1DB17 /* RootViewController.swift */ = {isa = PBXFileReference; fileEncoding = 4; lastKnownFileType = sourcecode.swift; path = RootViewController.swift; sourceTree = "<group>"; };
		6D0E52A7BCFDB3CEFA74A6B6 /* Pods.debug.xcconfig */ = {isa = PBXFileReference; includeInIndex = 1; lastKnownFileType = text.xcconfig; name = Pods.debug.xcconfig; path = "Pods/Target Support Files/Pods/Pods.debug.xcconfig"; sourceTree = "<group>"; };
/* End PBXFileReference section */

/* Begin PBXFrameworksBuildPhase section */
		6A4A9A811BFE22250078BFC3 /* Frameworks */ = {
			isa = PBXFrameworksBuildPhase;
			buildActionMask = 2147483647;
			files = (
				F4648C2E8B262E0872CDEF9F /* Pods.framework in Frameworks */,
			);
			runOnlyForDeploymentPostprocessing = 0;
		};
		6A4A9A981BFE22250078BFC3 /* Frameworks */ = {
			isa = PBXFrameworksBuildPhase;
			buildActionMask = 2147483647;
			files = (
			);
			runOnlyForDeploymentPostprocessing = 0;
		};
/* End PBXFrameworksBuildPhase section */

/* Begin PBXGroup section */
		1A20EDC5D1DA4DC74262495C /* Frameworks */ = {
			isa = PBXGroup;
			children = (
				1609503A5CDBCE3BC2966192 /* Pods.framework */,
			);
			name = Frameworks;
			sourceTree = "<group>";
		};
		45124085A6D5397507E4CCEF /* Pods */ = {
			isa = PBXGroup;
			children = (
				6D0E52A7BCFDB3CEFA74A6B6 /* Pods.debug.xcconfig */,
				3273563DF2821529F80E2DA6 /* Pods.release.xcconfig */,
			);
			name = Pods;
			sourceTree = "<group>";
		};
		6A4A9A7B1BFE22250078BFC3 = {
			isa = PBXGroup;
			children = (
				6A4A9A861BFE22250078BFC3 /* Jonsnow */,
				6A4A9A9E1BFE22250078BFC3 /* JonsnowTests */,
				6A4A9A851BFE22250078BFC3 /* Products */,
				45124085A6D5397507E4CCEF /* Pods */,
				1A20EDC5D1DA4DC74262495C /* Frameworks */,
			);
			sourceTree = "<group>";
		};
		6A4A9A851BFE22250078BFC3 /* Products */ = {
			isa = PBXGroup;
			children = (
				6A4A9A841BFE22250078BFC3 /* Jonsnow.app */,
				6A4A9A9B1BFE22250078BFC3 /* JonsnowTests.xctest */,
			);
			name = Products;
			sourceTree = "<group>";
		};
		6A4A9A861BFE22250078BFC3 /* Jonsnow */ = {
			isa = PBXGroup;
			children = (
				6AC5C8801C2046EE00B1DB17 /* ViewController */,
				6AA563E51C2014D300730551 /* Model */,
				6A5E99821C1EFBB50084E4B9 /* resources */,
				6A4A9A871BFE22250078BFC3 /* AppDelegate.swift */,
				6A4A9A8B1BFE22250078BFC3 /* Main.storyboard */,
				6A4A9A911BFE22250078BFC3 /* Assets.xcassets */,
				6A4A9A931BFE22250078BFC3 /* LaunchScreen.storyboard */,
				6A4A9A961BFE22250078BFC3 /* Info.plist */,
				6A4A9A8E1BFE22250078BFC3 /* Jonsnow.xcdatamodeld */,
				6A1CEA9D1C133CEC00559BBC /* EddardGateway.swift */,
				6A1CEA9F1C13987100559BBC /* SwiftyJSON.swift */,
				6A5E998F1C1F09770084E4B9 /* Jonsnow-Bridging-Header.h */,
				6A5E99921C1F108E0084E4B9 /* Logger.swift */,
			);
			path = Jonsnow;
			sourceTree = "<group>";
		};
		6A4A9A9E1BFE22250078BFC3 /* JonsnowTests */ = {
			isa = PBXGroup;
			children = (
				6A4A9AA11BFE22250078BFC3 /* Info.plist */,
				6AB948AD1C13F0E7008F12C1 /* EddardGatewayTests.swift */,
			);
			path = JonsnowTests;
			sourceTree = "<group>";
		};
		6A5E99821C1EFBB50084E4B9 /* resources */ = {
			isa = PBXGroup;
			children = (
				6A5E99851C1EFC700084E4B9 /* chat.png */,
				6A5E99861C1EFC700084E4B9 /* chat@2x.png */,
				6A5E99871C1EFC700084E4B9 /* contacts.png */,
				6A5E99881C1EFC700084E4B9 /* contacts@2x.png */,
			);
			path = resources;
			sourceTree = "<group>";
		};
		6AA563E51C2014D300730551 /* Model */ = {
			isa = PBXGroup;
			children = (
				6AA563E61C2014D300730551 /* User.swift */,
				6AA563E81C20154500730551 /* Room.swift */,
			);
			path = Model;
			sourceTree = "<group>";
		};
		6AC5C8801C2046EE00B1DB17 /* ViewController */ = {
			isa = PBXGroup;
			children = (
				6AC5C8811C2046EE00B1DB17 /* ChattingTableViewController.swift */,
				6AC5C8821C2046EE00B1DB17 /* FriendTableViewController.swift */,
				6AC5C8851C20472100B1DB17 /* RootViewController.swift */,
			);
			path = ViewController;
			sourceTree = "<group>";
		};
/* End PBXGroup section */

/* Begin PBXNativeTarget section */
		6A4A9A831BFE22250078BFC3 /* Jonsnow */ = {
			isa = PBXNativeTarget;
			buildConfigurationList = 6A4A9AAF1BFE22250078BFC3 /* Build configuration list for PBXNativeTarget "Jonsnow" */;
			buildPhases = (
				31DE805B4F6F9A44BF015CFC /* Check Pods Manifest.lock */,
				6A4A9A801BFE22250078BFC3 /* Sources */,
				6A4A9A811BFE22250078BFC3 /* Frameworks */,
				6A4A9A821BFE22250078BFC3 /* Resources */,
				7268FC6317EFFAB3907E1C58 /* Embed Pods Frameworks */,
				560526A8D5CB3B9E1144F4AC /* Copy Pods Resources */,
				6AB948AC1C13E688008F12C1 /* ShellScript */,
			);
			buildRules = (
			);
			dependencies = (
			);
			name = Jonsnow;
			productName = Jonsnow;
			productReference = 6A4A9A841BFE22250078BFC3 /* Jonsnow.app */;
			productType = "com.apple.product-type.application";
		};
		6A4A9A9A1BFE22250078BFC3 /* JonsnowTests */ = {
			isa = PBXNativeTarget;
			buildConfigurationList = 6A4A9AB21BFE22250078BFC3 /* Build configuration list for PBXNativeTarget "JonsnowTests" */;
			buildPhases = (
				6A4A9A971BFE22250078BFC3 /* Sources */,
				6A4A9A981BFE22250078BFC3 /* Frameworks */,
				6A4A9A991BFE22250078BFC3 /* Resources */,
			);
			buildRules = (
			);
			dependencies = (
				6A4A9A9D1BFE22250078BFC3 /* PBXTargetDependency */,
			);
			name = JonsnowTests;
			productName = JonsnowTests;
			productReference = 6A4A9A9B1BFE22250078BFC3 /* JonsnowTests.xctest */;
			productType = "com.apple.product-type.bundle.unit-test";
		};
/* End PBXNativeTarget section */

/* Begin PBXProject section */
		6A4A9A7C1BFE22250078BFC3 /* Project object */ = {
			isa = PBXProject;
			attributes = {
				LastSwiftUpdateCheck = 0720;
				LastUpgradeCheck = 0710;
				ORGANIZATIONNAME = Anyflow;
				TargetAttributes = {
					6A4A9A831BFE22250078BFC3 = {
						CreatedOnToolsVersion = 7.1.1;
						DevelopmentTeam = SE9KUSEV79;
						SystemCapabilities = {
							com.apple.Push = {
								enabled = 1;
							};
						};
					};
					6A4A9A9A1BFE22250078BFC3 = {
						CreatedOnToolsVersion = 7.1.1;
						DevelopmentTeam = SE9KUSEV79;
						TestTargetID = 6A4A9A831BFE22250078BFC3;
					};
				};
			};
			buildConfigurationList = 6A4A9A7F1BFE22250078BFC3 /* Build configuration list for PBXProject "Jonsnow" */;
			compatibilityVersion = "Xcode 3.2";
			developmentRegion = English;
			hasScannedForEncodings = 0;
			knownRegions = (
				en,
				Base,
			);
			mainGroup = 6A4A9A7B1BFE22250078BFC3;
			productRefGroup = 6A4A9A851BFE22250078BFC3 /* Products */;
			projectDirPath = "";
			projectRoot = "";
			targets = (
				6A4A9A831BFE22250078BFC3 /* Jonsnow */,
				6A4A9A9A1BFE22250078BFC3 /* JonsnowTests */,
			);
		};
/* End PBXProject section */

/* Begin PBXResourcesBuildPhase section */
		6A4A9A821BFE22250078BFC3 /* Resources */ = {
			isa = PBXResourcesBuildPhase;
			buildActionMask = 2147483647;
			files = (
				6A5E998B1C1EFC700084E4B9 /* contacts.png in Resources */,
				6A4A9A951BFE22250078BFC3 /* LaunchScreen.storyboard in Resources */,
				6A5E99891C1EFC700084E4B9 /* chat.png in Resources */,
				6A5E998C1C1EFC700084E4B9 /* contacts@2x.png in Resources */,
				6A4A9A921BFE22250078BFC3 /* Assets.xcassets in Resources */,
				6A4A9A8D1BFE22250078BFC3 /* Main.storyboard in Resources */,
				6A5E998A1C1EFC700084E4B9 /* chat@2x.png in Resources */,
			);
			runOnlyForDeploymentPostprocessing = 0;
		};
		6A4A9A991BFE22250078BFC3 /* Resources */ = {
			isa = PBXResourcesBuildPhase;
			buildActionMask = 2147483647;
			files = (
			);
			runOnlyForDeploymentPostprocessing = 0;
		};
/* End PBXResourcesBuildPhase section */

/* Begin PBXShellScriptBuildPhase section */
		31DE805B4F6F9A44BF015CFC /* Check Pods Manifest.lock */ = {
			isa = PBXShellScriptBuildPhase;
			buildActionMask = 2147483647;
			files = (
			);
			inputPaths = (
			);
			name = "Check Pods Manifest.lock";
			outputPaths = (
			);
			runOnlyForDeploymentPostprocessing = 0;
			shellPath = /bin/sh;
			shellScript = "diff \"${PODS_ROOT}/../Podfile.lock\" \"${PODS_ROOT}/Manifest.lock\" > /dev/null\nif [[ $? != 0 ]] ; then\n    cat << EOM\nerror: The sandbox is not in sync with the Podfile.lock. Run 'pod install' or update your CocoaPods installation.\nEOM\n    exit 1\nfi\n";
			showEnvVarsInLog = 0;
		};
		560526A8D5CB3B9E1144F4AC /* Copy Pods Resources */ = {
			isa = PBXShellScriptBuildPhase;
			buildActionMask = 2147483647;
			files = (
			);
			inputPaths = (
			);
			name = "Copy Pods Resources";
			outputPaths = (
			);
			runOnlyForDeploymentPostprocessing = 0;
			shellPath = /bin/sh;
			shellScript = "\"${SRCROOT}/Pods/Target Support Files/Pods/Pods-resources.sh\"\n";
			showEnvVarsInLog = 0;
		};
		6AB948AC1C13E688008F12C1 /* ShellScript */ = {
			isa = PBXShellScriptBuildPhase;
			buildActionMask = 2147483647;
			files = (
			);
			inputPaths = (
			);
			outputPaths = (
			);
			runOnlyForDeploymentPostprocessing = 0;
			shellPath = /bin/sh;
			shellScript = "";
		};
		7268FC6317EFFAB3907E1C58 /* Embed Pods Frameworks */ = {
			isa = PBXShellScriptBuildPhase;
			buildActionMask = 2147483647;
			files = (
			);
			inputPaths = (
			);
			name = "Embed Pods Frameworks";
			outputPaths = (
			);
			runOnlyForDeploymentPostprocessing = 0;
			shellPath = /bin/sh;
			shellScript = "\"${SRCROOT}/Pods/Target Support Files/Pods/Pods-frameworks.sh\"\n";
			showEnvVarsInLog = 0;
		};
/* End PBXShellScriptBuildPhase section */

/* Begin PBXSourcesBuildPhase section */
		6A4A9A801BFE22250078BFC3 /* Sources */ = {
			isa = PBXSourcesBuildPhase;
			buildActionMask = 2147483647;
			files = (
				6AC5C8861C20472100B1DB17 /* RootViewController.swift in Sources */,
				6A5E99931C1F108E0084E4B9 /* Logger.swift in Sources */,
				6A1CEA9E1C133CEC00559BBC /* EddardGateway.swift in Sources */,
				6A4A9A901BFE22250078BFC3 /* Jonsnow.xcdatamodeld in Sources */,
				6AA563E71C2014D300730551 /* User.swift in Sources */,
				6AA563E91C20154500730551 /* Room.swift in Sources */,
				6A4A9A881BFE22250078BFC3 /* AppDelegate.swift in Sources */,
				6AC5C8841C2046EE00B1DB17 /* FriendTableViewController.swift in Sources */,
				6AC5C8831C2046EE00B1DB17 /* ChattingTableViewController.swift in Sources */,
				6A1CEAA01C13987100559BBC /* SwiftyJSON.swift in Sources */,
			);
			runOnlyForDeploymentPostprocessing = 0;
		};
		6A4A9A971BFE22250078BFC3 /* Sources */ = {
			isa = PBXSourcesBuildPhase;
			buildActionMask = 2147483647;
			files = (
				6AB948AE1C13F0E7008F12C1 /* EddardGatewayTests.swift in Sources */,
			);
			runOnlyForDeploymentPostprocessing = 0;
		};
/* End PBXSourcesBuildPhase section */

/* Begin PBXTargetDependency section */
		6A4A9A9D1BFE22250078BFC3 /* PBXTargetDependency */ = {
			isa = PBXTargetDependency;
			target = 6A4A9A831BFE22250078BFC3 /* Jonsnow */;
			targetProxy = 6A4A9A9C1BFE22250078BFC3 /* PBXContainerItemProxy */;
		};
/* End PBXTargetDependency section */

/* Begin PBXVariantGroup section */
		6A4A9A8B1BFE22250078BFC3 /* Main.storyboard */ = {
			isa = PBXVariantGroup;
			children = (
				6A4A9A8C1BFE22250078BFC3 /* Base */,
			);
			name = Main.storyboard;
			sourceTree = "<group>";
		};
		6A4A9A931BFE22250078BFC3 /* LaunchScreen.storyboard */ = {
			isa = PBXVariantGroup;
			children = (
				6A4A9A941BFE22250078BFC3 /* Base */,
			);
			name = LaunchScreen.storyboard;
			sourceTree = "<group>";
		};
/* End PBXVariantGroup section */

/* Begin XCBuildConfiguration section */
		6A4A9AAD1BFE22250078BFC3 /* Debug */ = {
			isa = XCBuildConfiguration;
			buildSettings = {
				ALWAYS_SEARCH_USER_PATHS = NO;
				CLANG_CXX_LANGUAGE_STANDARD = "gnu++0x";
				CLANG_CXX_LIBRARY = "libc++";
				CLANG_ENABLE_MODULES = YES;
				CLANG_ENABLE_OBJC_ARC = YES;
				CLANG_WARN_BOOL_CONVERSION = YES;
				CLANG_WARN_CONSTANT_CONVERSION = YES;
				CLANG_WARN_DIRECT_OBJC_ISA_USAGE = YES_ERROR;
				CLANG_WARN_EMPTY_BODY = YES;
				CLANG_WARN_ENUM_CONVERSION = YES;
				CLANG_WARN_INT_CONVERSION = YES;
				CLANG_WARN_OBJC_ROOT_CLASS = YES_ERROR;
				CLANG_WARN_UNREACHABLE_CODE = YES;
				CLANG_WARN__DUPLICATE_METHOD_MATCH = YES;
				"CODE_SIGN_IDENTITY[sdk=iphoneos*]" = "iPhone Developer";
				COPY_PHASE_STRIP = NO;
				DEBUG_INFORMATION_FORMAT = dwarf;
				ENABLE_STRICT_OBJC_MSGSEND = YES;
				ENABLE_TESTABILITY = YES;
				GCC_C_LANGUAGE_STANDARD = gnu99;
				GCC_DYNAMIC_NO_PIC = NO;
				GCC_NO_COMMON_BLOCKS = YES;
				GCC_OPTIMIZATION_LEVEL = 0;
				GCC_PREPROCESSOR_DEFINITIONS = (
					"DEBUG=1",
					"$(inherited)",
				);
				GCC_WARN_64_TO_32_BIT_CONVERSION = YES;
				GCC_WARN_ABOUT_RETURN_TYPE = YES_ERROR;
				GCC_WARN_UNDECLARED_SELECTOR = YES;
				GCC_WARN_UNINITIALIZED_AUTOS = YES_AGGRESSIVE;
				GCC_WARN_UNUSED_FUNCTION = YES;
				GCC_WARN_UNUSED_VARIABLE = YES;
				IPHONEOS_DEPLOYMENT_TARGET = 9.1;
				MTL_ENABLE_DEBUG_INFO = YES;
				ONLY_ACTIVE_ARCH = YES;
				SDKROOT = iphoneos;
				SWIFT_OPTIMIZATION_LEVEL = "-Onone";
				TARGETED_DEVICE_FAMILY = "1,2";
			};
			name = Debug;
		};
		6A4A9AAE1BFE22250078BFC3 /* Release */ = {
			isa = XCBuildConfiguration;
			buildSettings = {
				ALWAYS_SEARCH_USER_PATHS = NO;
				CLANG_CXX_LANGUAGE_STANDARD = "gnu++0x";
				CLANG_CXX_LIBRARY = "libc++";
				CLANG_ENABLE_MODULES = YES;
				CLANG_ENABLE_OBJC_ARC = YES;
				CLANG_WARN_BOOL_CONVERSION = YES;
				CLANG_WARN_CONSTANT_CONVERSION = YES;
				CLANG_WARN_DIRECT_OBJC_ISA_USAGE = YES_ERROR;
				CLANG_WARN_EMPTY_BODY = YES;
				CLANG_WARN_ENUM_CONVERSION = YES;
				CLANG_WARN_INT_CONVERSION = YES;
				CLANG_WARN_OBJC_ROOT_CLASS = YES_ERROR;
				CLANG_WARN_UNREACHABLE_CODE = YES;
				CLANG_WARN__DUPLICATE_METHOD_MATCH = YES;
				"CODE_SIGN_IDENTITY[sdk=iphoneos*]" = "iPhone Developer";
				COPY_PHASE_STRIP = NO;
				DEBUG_INFORMATION_FORMAT = "dwarf-with-dsym";
				ENABLE_NS_ASSERTIONS = NO;
				ENABLE_STRICT_OBJC_MSGSEND = YES;
				GCC_C_LANGUAGE_STANDARD = gnu99;
				GCC_NO_COMMON_BLOCKS = YES;
				GCC_WARN_64_TO_32_BIT_CONVERSION = YES;
				GCC_WARN_ABOUT_RETURN_TYPE = YES_ERROR;
				GCC_WARN_UNDECLARED_SELECTOR = YES;
				GCC_WARN_UNINITIALIZED_AUTOS = YES_AGGRESSIVE;
				GCC_WARN_UNUSED_FUNCTION = YES;
				GCC_WARN_UNUSED_VARIABLE = YES;
				IPHONEOS_DEPLOYMENT_TARGET = 9.1;
				MTL_ENABLE_DEBUG_INFO = NO;
				SDKROOT = iphoneos;
				TARGETED_DEVICE_FAMILY = "1,2";
				VALIDATE_PRODUCT = YES;
			};
			name = Release;
		};
		6A4A9AB01BFE22250078BFC3 /* Debug */ = {
			isa = XCBuildConfiguration;
			baseConfigurationReference = 6D0E52A7BCFDB3CEFA74A6B6 /* Pods.debug.xcconfig */;
			buildSettings = {
				ASSETCATALOG_COMPILER_APPICON_NAME = AppIcon;
				CLANG_ENABLE_MODULES = YES;
				CODE_SIGN_IDENTITY = "iPhone Developer";
				"CODE_SIGN_IDENTITY[sdk=iphoneos*]" = "iPhone Developer";
				FRAMEWORK_SEARCH_PATHS = (
					"$(inherited)",
					"$(PROJECT_DIR)/build/Debug-iphoneos",
				);
				INFOPLIST_FILE = Jonsnow/Info.plist;
				LD_RUNPATH_SEARCH_PATHS = "$(inherited) @executable_path/Frameworks";
				PRODUCT_BUNDLE_IDENTIFIER = com.lge.stark.Jonsnow;
				PRODUCT_NAME = "$(TARGET_NAME)";
				PROVISIONING_PROFILE = "";
				SWIFT_OBJC_BRIDGING_HEADER = "Jonsnow/Jonsnow-Bridging-Header.h";
				SWIFT_OPTIMIZATION_LEVEL = "-Onone";
			};
			name = Debug;
		};
		6A4A9AB11BFE22250078BFC3 /* Release */ = {
			isa = XCBuildConfiguration;
			baseConfigurationReference = 3273563DF2821529F80E2DA6 /* Pods.release.xcconfig */;
			buildSettings = {
				ASSETCATALOG_COMPILER_APPICON_NAME = AppIcon;
				CLANG_ENABLE_MODULES = YES;
				CODE_SIGN_IDENTITY = "iPhone Developer";
				"CODE_SIGN_IDENTITY[sdk=iphoneos*]" = "iPhone Developer";
				FRAMEWORK_SEARCH_PATHS = (
					"$(inherited)",
					"$(PROJECT_DIR)/build/Debug-iphoneos",
				);
				INFOPLIST_FILE = Jonsnow/Info.plist;
				LD_RUNPATH_SEARCH_PATHS = "$(inherited) @executable_path/Frameworks";
				PRODUCT_BUNDLE_IDENTIFIER = com.lge.stark.Jonsnow;
				PRODUCT_NAME = "$(TARGET_NAME)";
				PROVISIONING_PROFILE = "";
				SWIFT_OBJC_BRIDGING_HEADER = "Jonsnow/Jonsnow-Bridging-Header.h";
			};
			name = Release;
		};
		6A4A9AB31BFE22250078BFC3 /* Debug */ = {
			isa = XCBuildConfiguration;
			buildSettings = {
				BUNDLE_LOADER = "$(TEST_HOST)";
				INFOPLIST_FILE = JonsnowTests/Info.plist;
				LD_RUNPATH_SEARCH_PATHS = "$(inherited) @executable_path/Frameworks @loader_path/Frameworks";
				PRODUCT_BUNDLE_IDENTIFIER = com.lge.stark.JonsnowTests;
				PRODUCT_NAME = "$(TARGET_NAME)";
				TEST_HOST = "$(BUILT_PRODUCTS_DIR)/Jonsnow.app/Jonsnow";
			};
			name = Debug;
		};
		6A4A9AB41BFE22250078BFC3 /* Release */ = {
			isa = XCBuildConfiguration;
			buildSettings = {
				BUNDLE_LOADER = "$(TEST_HOST)";
				INFOPLIST_FILE = JonsnowTests/Info.plist;
				LD_RUNPATH_SEARCH_PATHS = "$(inherited) @executable_path/Frameworks @loader_path/Frameworks";
				PRODUCT_BUNDLE_IDENTIFIER = com.lge.stark.JonsnowTests;
				PRODUCT_NAME = "$(TARGET_NAME)";
				TEST_HOST = "$(BUILT_PRODUCTS_DIR)/Jonsnow.app/Jonsnow";
			};
			name = Release;
		};
/* End XCBuildConfiguration section */

/* Begin XCConfigurationList section */
		6A4A9A7F1BFE22250078BFC3 /* Build configuration list for PBXProject "Jonsnow" */ = {
			isa = XCConfigurationList;
			buildConfigurations = (
				6A4A9AAD1BFE22250078BFC3 /* Debug */,
				6A4A9AAE1BFE22250078BFC3 /* Release */,
			);
			defaultConfigurationIsVisible = 0;
			defaultConfigurationName = Release;
		};
		6A4A9AAF1BFE22250078BFC3 /* Build configuration list for PBXNativeTarget "Jonsnow" */ = {
			isa = XCConfigurationList;
			buildConfigurations = (
				6A4A9AB01BFE22250078BFC3 /* Debug */,
				6A4A9AB11BFE22250078BFC3 /* Release */,
			);
			defaultConfigurationIsVisible = 0;
			defaultConfigurationName = Release;
		};
		6A4A9AB21BFE22250078BFC3 /* Build configuration list for PBXNativeTarget "JonsnowTests" */ = {
			isa = XCConfigurationList;
			buildConfigurations = (
				6A4A9AB31BFE22250078BFC3 /* Debug */,
				6A4A9AB41BFE22250078BFC3 /* Release */,
			);
			defaultConfigurationIsVisible = 0;
			defaultConfigurationName = Release;
		};
/* End XCConfigurationList section */

/* Begin XCVersionGroup section */
		6A4A9A8E1BFE22250078BFC3 /* Jonsnow.xcdatamodeld */ = {
			isa = XCVersionGroup;
			children = (
				6A4A9A8F1BFE22250078BFC3 /* Jonsnow.xcdatamodel */,
			);
			currentVersion = 6A4A9A8F1BFE22250078BFC3 /* Jonsnow.xcdatamodel */;
			path = Jonsnow.xcdatamodeld;
			sourceTree = "<group>";
			versionGroupType = wrapper.xcdatamodel;
		};
/* End XCVersionGroup section */
	};
	rootObject = 6A4A9A7C1BFE22250078BFC3 /* Project object */;
}
